// !$*UTF8*$!
{
	archiveVersion = 1;
	classes = {
	};
	objectVersion = 48;
	objects = {

/* Begin PBXBuildFile section */
		698CCF301F94E4B1005C1E76 /* AppDelegate.swift in Sources */ = {isa = PBXBuildFile; fileRef = 698CCF2F1F94E4B1005C1E76 /* AppDelegate.swift */; };
		698CCF321F94E4B1005C1E76 /* ViewController.swift in Sources */ = {isa = PBXBuildFile; fileRef = 698CCF311F94E4B1005C1E76 /* ViewController.swift */; };
		698CCF351F94E4B1005C1E76 /* Main.storyboard in Resources */ = {isa = PBXBuildFile; fileRef = 698CCF331F94E4B1005C1E76 /* Main.storyboard */; };
		698CCF371F94E4B1005C1E76 /* Assets.xcassets in Resources */ = {isa = PBXBuildFile; fileRef = 698CCF361F94E4B1005C1E76 /* Assets.xcassets */; };
		698CCF3A1F94E4B1005C1E76 /* LaunchScreen.storyboard in Resources */ = {isa = PBXBuildFile; fileRef = 698CCF381F94E4B1005C1E76 /* LaunchScreen.storyboard */; };
		698CCF441F94E587005C1E76 /* ButtonExpandedView.swift in Sources */ = {isa = PBXBuildFile; fileRef = 698CCF431F94E587005C1E76 /* ButtonExpandedView.swift */; };
		698CCF461F94E5B2005C1E76 /* LLParticleButton.swift in Sources */ = {isa = PBXBuildFile; fileRef = 698CCF451F94E5B2005C1E76 /* LLParticleButton.swift */; };
		698CCF491F94EAA3005C1E76 /* LLConstant.swift in Sources */ = {isa = PBXBuildFile; fileRef = 698CCF481F94EAA3005C1E76 /* LLConstant.swift */; };
/* End PBXBuildFile section */

/* Begin PBXFileReference section */
		698CCF2C1F94E4B0005C1E76 /* GroupAnimation.app */ = {isa = PBXFileReference; explicitFileType = wrapper.application; includeInIndex = 0; path = GroupAnimation.app; sourceTree = BUILT_PRODUCTS_DIR; };
		698CCF2F1F94E4B1005C1E76 /* AppDelegate.swift */ = {isa = PBXFileReference; lastKnownFileType = sourcecode.swift; path = AppDelegate.swift; sourceTree = "<group>"; };
		698CCF311F94E4B1005C1E76 /* ViewController.swift */ = {isa = PBXFileReference; lastKnownFileType = sourcecode.swift; path = ViewController.swift; sourceTree = "<group>"; };
		698CCF341F94E4B1005C1E76 /* Base */ = {isa = PBXFileReference; lastKnownFileType = file.storyboard; name = Base; path = Base.lproj/Main.storyboard; sourceTree = "<group>"; };
		698CCF361F94E4B1005C1E76 /* Assets.xcassets */ = {isa = PBXFileReference; lastKnownFileType = folder.assetcatalog; path = Assets.xcassets; sourceTree = "<group>"; };
		698CCF391F94E4B1005C1E76 /* Base */ = {isa = PBXFileReference; lastKnownFileType = file.storyboard; name = Base; path = Base.lproj/LaunchScreen.storyboard; sourceTree = "<group>"; };
		698CCF3B1F94E4B1005C1E76 /* Info.plist */ = {isa = PBXFileReference; lastKnownFileType = text.plist.xml; path = Info.plist; sourceTree = "<group>"; };
		698CCF431F94E587005C1E76 /* ButtonExpandedView.swift */ = {isa = PBXFileReference; lastKnownFileType = sourcecode.swift; path = ButtonExpandedView.swift; sourceTree = "<group>"; };
		698CCF451F94E5B2005C1E76 /* LLParticleButton.swift */ = {isa = PBXFileReference; lastKnownFileType = sourcecode.swift; path = LLParticleButton.swift; sourceTree = "<group>"; };
		698CCF481F94EAA3005C1E76 /* LLConstant.swift */ = {isa = PBXFileReference; lastKnownFileType = sourcecode.swift; path = LLConstant.swift; sourceTree = "<group>"; };
/* End PBXFileReference section */

/* Begin PBXFrameworksBuildPhase section */
		698CCF291F94E4B0005C1E76 /* Frameworks */ = {
			isa = PBXFrameworksBuildPhase;
			buildActionMask = 2147483647;
			files = (
			);
			runOnlyForDeploymentPostprocessing = 0;
		};
/* End PBXFrameworksBuildPhase section */

/* Begin PBXGroup section */
		698CCF231F94E4B0005C1E76 = {
			isa = PBXGroup;
			children = (
				698CCF2E1F94E4B0005C1E76 /* GroupAnimation */,
				698CCF2D1F94E4B0005C1E76 /* Products */,
			);
			sourceTree = "<group>";
		};
		698CCF2D1F94E4B0005C1E76 /* Products */ = {
			isa = PBXGroup;
			children = (
				698CCF2C1F94E4B0005C1E76 /* GroupAnimation.app */,
			);
			name = Products;
			sourceTree = "<group>";
		};
		698CCF2E1F94E4B0005C1E76 /* GroupAnimation */ = {
			isa = PBXGroup;
			children = (
				698CCF471F94EA1D005C1E76 /* LLConstant */,
				698CCF2F1F94E4B1005C1E76 /* AppDelegate.swift */,
				698CCF431F94E587005C1E76 /* ButtonExpandedView.swift */,
				698CCF451F94E5B2005C1E76 /* LLParticleButton.swift */,
				698CCF311F94E4B1005C1E76 /* ViewController.swift */,
				698CCF331F94E4B1005C1E76 /* Main.storyboard */,
				698CCF361F94E4B1005C1E76 /* Assets.xcassets */,
				698CCF381F94E4B1005C1E76 /* LaunchScreen.storyboard */,
				698CCF3B1F94E4B1005C1E76 /* Info.plist */,
			);
			path = GroupAnimation;
			sourceTree = "<group>";
		};
		698CCF471F94EA1D005C1E76 /* LLConstant */ = {
			isa = PBXGroup;
			children = (
				698CCF481F94EAA3005C1E76 /* LLConstant.swift */,
			);
			path = LLConstant;
			sourceTree = "<group>";
		};
/* End PBXGroup section */

/* Begin PBXNativeTarget section */
		698CCF2B1F94E4B0005C1E76 /* GroupAnimation */ = {
			isa = PBXNativeTarget;
			buildConfigurationList = 698CCF3E1F94E4B1005C1E76 /* Build configuration list for PBXNativeTarget "GroupAnimation" */;
			buildPhases = (
				698CCF281F94E4B0005C1E76 /* Sources */,
				698CCF291F94E4B0005C1E76 /* Frameworks */,
				698CCF2A1F94E4B0005C1E76 /* Resources */,
			);
			buildRules = (
			);
			dependencies = (
			);
			name = GroupAnimation;
			productName = GroupAnimation;
			productReference = 698CCF2C1F94E4B0005C1E76 /* GroupAnimation.app */;
			productType = "com.apple.product-type.application";
		};
/* End PBXNativeTarget section */

/* Begin PBXProject section */
		698CCF241F94E4B0005C1E76 /* Project object */ = {
			isa = PBXProject;
			attributes = {
				LastSwiftUpdateCheck = 0900;
				LastUpgradeCheck = 0900;
				ORGANIZATIONNAME = ChangeStrong;
				TargetAttributes = {
					698CCF2B1F94E4B0005C1E76 = {
						CreatedOnToolsVersion = 9.0;
						ProvisioningStyle = Automatic;
					};
				};
			};
			buildConfigurationList = 698CCF271F94E4B0005C1E76 /* Build configuration list for PBXProject "GroupAnimation" */;
			compatibilityVersion = "Xcode 8.0";
			developmentRegion = en;
			hasScannedForEncodings = 0;
			knownRegions = (
				en,
				Base,
			);
			mainGroup = 698CCF231F94E4B0005C1E76;
			productRefGroup = 698CCF2D1F94E4B0005C1E76 /* Products */;
			projectDirPath = "";
			projectRoot = "";
			targets = (
				698CCF2B1F94E4B0005C1E76 /* GroupAnimation */,
			);
		};
/* End PBXProject section */

/* Begin PBXResourcesBuildPhase section */
		698CCF2A1F94E4B0005C1E76 /* Resources */ = {
			isa = PBXResourcesBuildPhase;
			buildActionMask = 2147483647;
			files = (
				698CCF3A1F94E4B1005C1E76 /* LaunchScreen.storyboard in Resources */,
				698CCF371F94E4B1005C1E76 /* Assets.xcassets in Resources */,
				698CCF351F94E4B1005C1E76 /* Main.storyboard in Resources */,
			);
			runOnlyForDeploymentPostprocessing = 0;
		};
/* End PBXResourcesBuildPhase section */

/* Begin PBXSourcesBuildPhase section */
		698CCF281F94E4B0005C1E76 /* Sources */ = {
			isa = PBXSourcesBuildPhase;
			buildActionMask = 2147483647;
			files = (
				698CCF321F94E4B1005C1E76 /* ViewController.swift in Sources */,
				698CCF461F94E5B2005C1E76 /* LLParticleButton.swift in Sources */,
				698CCF301F94E4B1005C1E76 /* AppDelegate.swift in Sources */,
				698CCF441F94E587005C1E76 /* ButtonExpandedView.swift in Sources */,
				698CCF491F94EAA3005C1E76 /* LLConstant.swift in Sources */,
			);
			runOnlyForDeploymentPostprocessing = 0;
		};
/* End PBXSourcesBuildPhase section */

/* Begin PBXVariantGroup section */
		698CCF331F94E4B1005C1E76 /* Main.storyboard */ = {
			isa = PBXVariantGroup;
			children = (
				698CCF341F94E4B1005C1E76 /* Base */,
			);
			name = Main.storyboard;
			sourceTree = "<group>";
		};
		698CCF381F94E4B1005C1E76 /* LaunchScreen.storyboard */ = {
			isa = PBXVariantGroup;
			children = (
				698CCF391F94E4B1005C1E76 /* Base */,
			);
			name = LaunchScreen.storyboard;
			sourceTree = "<group>";
		};
/* End PBXVariantGroup section */

/* Begin XCBuildConfiguration section */
		698CCF3C1F94E4B1005C1E76 /* Debug */ = {
			isa = XCBuildConfiguration;
			buildSettings = {
				ALWAYS_SEARCH_USER_PATHS = NO;
				CLANG_ANALYZER_NONNULL = YES;
				CLANG_ANALYZER_NUMBER_OBJECT_CONVERSION = YES_AGGRESSIVE;
				CLANG_CXX_LANGUAGE_STANDARD = "gnu++14";
				CLANG_CXX_LIBRARY = "libc++";
				CLANG_ENABLE_MODULES = YES;
				CLANG_ENABLE_OBJC_ARC = YES;
				CLANG_WARN_BLOCK_CAPTURE_AUTORELEASING = YES;
				CLANG_WARN_BOOL_CONVERSION = YES;
				CLANG_WARN_COMMA = YES;
				CLANG_WARN_CONSTANT_CONVERSION = YES;
				CLANG_WARN_DIRECT_OBJC_ISA_USAGE = YES_ERROR;
				CLANG_WARN_DOCUMENTATION_COMMENTS = YES;
				CLANG_WARN_EMPTY_BODY = YES;
				CLANG_WARN_ENUM_CONVERSION = YES;
				CLANG_WARN_INFINITE_RECURSION = YES;
				CLANG_WARN_INT_CONVERSION = YES;
				CLANG_WARN_NON_LITERAL_NULL_CONVERSION = YES;
				CLANG_WARN_OBJC_LITERAL_CONVERSION = YES;
				CLANG_WARN_OBJC_ROOT_CLASS = YES_ERROR;
				CLANG_WARN_RANGE_LOOP_ANALYSIS = YES;
				CLANG_WARN_STRICT_PROTOTYPES = YES;
				CLANG_WARN_SUSPICIOUS_MOVE = YES;
				CLANG_WARN_UNGUARDED_AVAILABILITY = YES_AGGRESSIVE;
				CLANG_WARN_UNREACHABLE_CODE = YES;
				CLANG_WARN__DUPLICATE_METHOD_MATCH = YES;
				CODE_SIGN_IDENTITY = "iPhone Developer";
				COPY_PHASE_STRIP = NO;
				DEBUG_INFORMATION_FORMAT = dwarf;
				ENABLE_STRICT_OBJC_MSGSEND = YES;
				ENABLE_TESTABILITY = YES;
				GCC_C_LANGUAGE_STANDARD = gnu11;
				GCC_DYNAMIC_NO_PIC = NO;
				GCC_NO_COMMON_BLOCKS = YES;
				GCC_OPTIMIZATION_LEVEL = 0;
				GCC_PREPROCESSOR_DEFINITIONS = (
					"DEBUG=1",
					"$(inherited)",
				);
				GCC_WARN_64_TO_32_BIT_CONVERSION = YES;
				GCC_WARN_ABOUT_RETURN_TYPE = YES_ERROR;
				GCC_WARN_UNDECLARED_SELECTOR = YES;
				GCC_WARN_UNINITIALIZED_AUTOS = YES_AGGRESSIVE;
				GCC_WARN_UNUSED_FUNCTION = YES;
				GCC_WARN_UNUSED_VARIABLE = YES;
				IPHONEOS_DEPLOYMENT_TARGET = 11.0;
				MTL_ENABLE_DEBUG_INFO = YES;
				ONLY_ACTIVE_ARCH = YES;
				SDKROOT = iphoneos;
				SWIFT_ACTIVE_COMPILATION_CONDITIONS = DEBUG;
				SWIFT_OPTIMIZATION_LEVEL = "-Onone";
			};
			name = Debug;
		};
		698CCF3D1F94E4B1005C1E76 /* Release */ = {
			isa = XCBuildConfiguration;
			buildSettings = {
				ALWAYS_SEARCH_USER_PATHS = NO;
				CLANG_ANALYZER_NONNULL = YES;
				CLANG_ANALYZER_NUMBER_OBJECT_CONVERSION = YES_AGGRESSIVE;
				CLANG_CXX_LANGUAGE_STANDARD = "gnu++14";
				CLANG_CXX_LIBRARY = "libc++";
				CLANG_ENABLE_MODULES = YES;
				CLANG_ENABLE_OBJC_ARC = YES;
				CLANG_WARN_BLOCK_CAPTURE_AUTORELEASING = YES;
				CLANG_WARN_BOOL_CONVERSION = YES;
				CLANG_WARN_COMMA = YES;
				CLANG_WARN_CONSTANT_CONVERSION = YES;
				CLANG_WARN_DIRECT_OBJC_ISA_USAGE = YES_ERROR;
				CLANG_WARN_DOCUMENTATION_COMMENTS = YES;
				CLANG_WARN_EMPTY_BODY = YES;
				CLANG_WARN_ENUM_CONVERSION = YES;
				CLANG_WARN_INFINITE_RECURSION = YES;
				CLANG_WARN_INT_CONVERSION = YES;
				CLANG_WARN_NON_LITERAL_NULL_CONVERSION = YES;
				CLANG_WARN_OBJC_LITERAL_CONVERSION = YES;
				CLANG_WARN_OBJC_ROOT_CLASS = YES_ERROR;
				CLANG_WARN_RANGE_LOOP_ANALYSIS = YES;
				CLANG_WARN_STRICT_PROTOTYPES = YES;
				CLANG_WARN_SUSPICIOUS_MOVE = YES;
				CLANG_WARN_UNGUARDED_AVAILABILITY = YES_AGGRESSIVE;
				CLANG_WARN_UNREACHABLE_CODE = YES;
				CLANG_WARN__DUPLICATE_METHOD_MATCH = YES;
				CODE_SIGN_IDENTITY = "iPhone Developer";
				COPY_PHASE_STRIP = NO;
				DEBUG_INFORMATION_FORMAT = "dwarf-with-dsym";
				ENABLE_NS_ASSERTIONS = NO;
				ENABLE_STRICT_OBJC_MSGSEND = YES;
				GCC_C_LANGUAGE_STANDARD = gnu11;
				GCC_NO_COMMON_BLOCKS = YES;
				GCC_WARN_64_TO_32_BIT_CONVERSION = YES;
				GCC_WARN_ABOUT_RETURN_TYPE = YES_ERROR;
				GCC_WARN_UNDECLARED_SELECTOR = YES;
				GCC_WARN_UNINITIALIZED_AUTOS = YES_AGGRESSIVE;
				GCC_WARN_UNUSED_FUNCTION = YES;
				GCC_WARN_UNUSED_VARIABLE = YES;
				IPHONEOS_DEPLOYMENT_TARGET = 11.0;
				MTL_ENABLE_DEBUG_INFO = NO;
				SDKROOT = iphoneos;
				SWIFT_OPTIMIZATION_LEVEL = "-Owholemodule";
				VALIDATE_PRODUCT = YES;
			};
			name = Release;
		};
		698CCF3F1F94E4B1005C1E76 /* Debug */ = {
			isa = XCBuildConfiguration;
			buildSettings = {
				ASSETCATALOG_COMPILER_APPICON_NAME = AppIcon;
				CODE_SIGN_STYLE = Automatic;
				INFOPLIST_FILE = GroupAnimation/Info.plist;
				LD_RUNPATH_SEARCH_PATHS = "$(inherited) @executable_path/Frameworks";
				PRODUCT_BUNDLE_IDENTIFIER = Change.Strong.GroupAnimation;
				PRODUCT_NAME = "$(TARGET_NAME)";
				SWIFT_VERSION = 4.0;
				TARGETED_DEVICE_FAMILY = "1,2";
			};
			name = Debug;
		};
		698CCF401F94E4B1005C1E76 /* Release */ = {
			isa = XCBuildConfiguration;
			buildSettings = {
				ASSETCATALOG_COMPILER_APPICON_NAME = AppIcon;
				CODE_SIGN_STYLE = Automatic;
				INFOPLIST_FILE = GroupAnimation/Info.plist;
				LD_RUNPATH_SEARCH_PATHS = "$(inherited) @executable_path/Frameworks";
				PRODUCT_BUNDLE_IDENTIFIER = Change.Strong.GroupAnimation;
				PRODUCT_NAME = "$(TARGET_NAME)";
				SWIFT_VERSION = 4.0;
				TARGETED_DEVICE_FAMILY = "1,2";
			};
			name = Release;
		};
/* End XCBuildConfiguration section */

/* Begin XCConfigurationList section */
		698CCF271F94E4B0005C1E76 /* Build configuration list for PBXProject "GroupAnimation" */ = {
			isa = XCConfigurationList;
			buildConfigurations = (
				698CCF3C1F94E4B1005C1E76 /* Debug */,
				698CCF3D1F94E4B1005C1E76 /* Release */,
			);
			defaultConfigurationIsVisible = 0;
			defaultConfigurationName = Release;
		};
		698CCF3E1F94E4B1005C1E76 /* Build configuration list for PBXNativeTarget "GroupAnimation" */ = {
			isa = XCConfigurationList;
			buildConfigurations = (
				698CCF3F1F94E4B1005C1E76 /* Debug */,
				698CCF401F94E4B1005C1E76 /* Release */,
			);
			defaultConfigurationIsVisible = 0;
			defaultConfigurationName = Release;
		};
/* End XCConfigurationList section */
	};
	rootObject = 698CCF241F94E4B0005C1E76 /* Project object */;
}
